
Microsoft Visual Studio Solution File, Format Version 12.00
Project("{FAE04EC0-301F-11D3-BF4B-00C04F79EFBC}") = "AddictedProxy", "AddictedProxy\AddictedProxy.csproj", "{B48C73F2-1D8A-4B87-9C71-F7C720F146EC}"
EndProject
Project("{FAE04EC0-301F-11D3-BF4B-00C04F79EFBC}") = "InversionOfControl", "InversionOfControl\InversionOfControl.csproj", "{3B47CC79-3BEA-4B91-93E8-2B743C75E854}"
EndProject
Project("{FAE04EC0-301F-11D3-BF4B-00C04F79EFBC}") = "AddictedProxy.Database", "AddictedProxy.Database\AddictedProxy.Database.csproj", "{DC59F563-4498-433D-ACB5-0D1DF4F979AC}"
EndProject
Project("{FAE04EC0-301F-11D3-BF4B-00C04F79EFBC}") = "AddictedProxy.Storage", "AddictedProxy.Storage\AddictedProxy.Storage.csproj", "{914C5A97-FB11-4429-A3C9-9C5EBD727DB0}"
EndProject
Project("{FAE04EC0-301F-11D3-BF4B-00C04F79EFBC}") = "AddictedProxy.Upstream", "AddictedProxy.Upstream\AddictedProxy.Upstream.csproj", "{11DA456D-B11B-4FAD-A9C1-9A57B8F91343}"
EndProject
Project("{FAE04EC0-301F-11D3-BF4B-00C04F79EFBC}") = "AddictedProxy.Storage.Tests", "AddictedProxy.Storage.Tests\AddictedProxy.Storage.Tests.csproj", "{A6A931F1-3F50-4B5F-AEA2-089BC2842F33}"
EndProject
Project("{FAE04EC0-301F-11D3-BF4B-00C04F79EFBC}") = "Locking", "Locking\Locking.csproj", "{2D0701F5-62B2-4EE5-AF0F-11A91C5D563B}"
EndProject
Project("{FAE04EC0-301F-11D3-BF4B-00C04F79EFBC}") = "Performance", "Performance\Performance.csproj", "{1D70C1CC-F916-42FD-8DE0-65DD9E84C31F}"
EndProject
Project("{FAE04EC0-301F-11D3-BF4B-00C04F79EFBC}") = "AddictedProxy.Stats", "AddictedProxy.Stats\AddictedProxy.Stats.csproj", "{59171862-853A-4D3A-970B-F838BDC24543}"
EndProject
Project("{FAE04EC0-301F-11D3-BF4B-00C04F79EFBC}") = "TvMovieDatabaseClient", "TvMovieDatabaseClient\TvMovieDatabaseClient.csproj", "{E1A07EEC-256D-4337-ACD2-E11E09C35F19}"
EndProject
Project("{FAE04EC0-301F-11D3-BF4B-00C04F79EFBC}") = "AddictedProxy.Caching", "AddictedProxy.Caching\AddictedProxy.Caching.csproj", "{6401E13B-E1B0-42BF-A2F4-9FD046CD4EFC}"
EndProject
Project("{FAE04EC0-301F-11D3-BF4B-00C04F79EFBC}") = "AddictedProxy.Culture", "AddictedProxy.Culture\AddictedProxy.Culture.csproj", "{B4B2C366-9138-46F5-B7AE-C83157E36AC4}"
EndProject
Project("{FAE04EC0-301F-11D3-BF4B-00C04F79EFBC}") = "AddictedProxy.Upstream.Tests", "AddictedProxy.Upstream.Tests\AddictedProxy.Upstream.Tests.csproj", "{ECC62363-630E-4F4C-8626-318C7739BEE8}"
EndProject
Project("{FAE04EC0-301F-11D3-BF4B-00C04F79EFBC}") = "AddictedProxy.Storage.Caching", "AddictedProxy.Storage.Caching\AddictedProxy.Storage.Caching.csproj", "{9CDCD9EC-896B-44E7-99A3-0A9CEDD8855E}"
EndProject
Global
	GlobalSection(SolutionConfigurationPlatforms) = preSolution
		Debug|Any CPU = Debug|Any CPU
		Release|Any CPU = Release|Any CPU
	EndGlobalSection
	GlobalSection(ProjectConfigurationPlatforms) = postSolution
		{B48C73F2-1D8A-4B87-9C71-F7C720F146EC}.Debug|Any CPU.ActiveCfg = Debug|Any CPU
		{B48C73F2-1D8A-4B87-9C71-F7C720F146EC}.Debug|Any CPU.Build.0 = Debug|Any CPU
		{B48C73F2-1D8A-4B87-9C71-F7C720F146EC}.Release|Any CPU.ActiveCfg = Release|Any CPU
		{B48C73F2-1D8A-4B87-9C71-F7C720F146EC}.Release|Any CPU.Build.0 = Release|Any CPU
		{3B47CC79-3BEA-4B91-93E8-2B743C75E854}.Debug|Any CPU.ActiveCfg = Debug|Any CPU
		{3B47CC79-3BEA-4B91-93E8-2B743C75E854}.Debug|Any CPU.Build.0 = Debug|Any CPU
		{3B47CC79-3BEA-4B91-93E8-2B743C75E854}.Release|Any CPU.ActiveCfg = Release|Any CPU
		{3B47CC79-3BEA-4B91-93E8-2B743C75E854}.Release|Any CPU.Build.0 = Release|Any CPU
		{DC59F563-4498-433D-ACB5-0D1DF4F979AC}.Debug|Any CPU.ActiveCfg = Debug|Any CPU
		{DC59F563-4498-433D-ACB5-0D1DF4F979AC}.Debug|Any CPU.Build.0 = Debug|Any CPU
		{DC59F563-4498-433D-ACB5-0D1DF4F979AC}.Release|Any CPU.ActiveCfg = Release|Any CPU
		{DC59F563-4498-433D-ACB5-0D1DF4F979AC}.Release|Any CPU.Build.0 = Release|Any CPU
		{914C5A97-FB11-4429-A3C9-9C5EBD727DB0}.Debug|Any CPU.ActiveCfg = Debug|Any CPU
		{914C5A97-FB11-4429-A3C9-9C5EBD727DB0}.Debug|Any CPU.Build.0 = Debug|Any CPU
		{914C5A97-FB11-4429-A3C9-9C5EBD727DB0}.Release|Any CPU.ActiveCfg = Release|Any CPU
		{914C5A97-FB11-4429-A3C9-9C5EBD727DB0}.Release|Any CPU.Build.0 = Release|Any CPU
		{11DA456D-B11B-4FAD-A9C1-9A57B8F91343}.Debug|Any CPU.ActiveCfg = Debug|Any CPU
		{11DA456D-B11B-4FAD-A9C1-9A57B8F91343}.Debug|Any CPU.Build.0 = Debug|Any CPU
		{11DA456D-B11B-4FAD-A9C1-9A57B8F91343}.Release|Any CPU.ActiveCfg = Release|Any CPU
		{11DA456D-B11B-4FAD-A9C1-9A57B8F91343}.Release|Any CPU.Build.0 = Release|Any CPU
		{A6A931F1-3F50-4B5F-AEA2-089BC2842F33}.Debug|Any CPU.ActiveCfg = Debug|Any CPU
		{A6A931F1-3F50-4B5F-AEA2-089BC2842F33}.Debug|Any CPU.Build.0 = Debug|Any CPU
		{A6A931F1-3F50-4B5F-AEA2-089BC2842F33}.Release|Any CPU.ActiveCfg = Release|Any CPU
		{A6A931F1-3F50-4B5F-AEA2-089BC2842F33}.Release|Any CPU.Build.0 = Release|Any CPU
		{2D0701F5-62B2-4EE5-AF0F-11A91C5D563B}.Debug|Any CPU.ActiveCfg = Debug|Any CPU
		{2D0701F5-62B2-4EE5-AF0F-11A91C5D563B}.Debug|Any CPU.Build.0 = Debug|Any CPU
		{2D0701F5-62B2-4EE5-AF0F-11A91C5D563B}.Release|Any CPU.ActiveCfg = Release|Any CPU
		{2D0701F5-62B2-4EE5-AF0F-11A91C5D563B}.Release|Any CPU.Build.0 = Release|Any CPU
		{1D70C1CC-F916-42FD-8DE0-65DD9E84C31F}.Debug|Any CPU.ActiveCfg = Debug|Any CPU
		{1D70C1CC-F916-42FD-8DE0-65DD9E84C31F}.Debug|Any CPU.Build.0 = Debug|Any CPU
		{1D70C1CC-F916-42FD-8DE0-65DD9E84C31F}.Release|Any CPU.ActiveCfg = Release|Any CPU
		{1D70C1CC-F916-42FD-8DE0-65DD9E84C31F}.Release|Any CPU.Build.0 = Release|Any CPU
		{59171862-853A-4D3A-970B-F838BDC24543}.Debug|Any CPU.ActiveCfg = Debug|Any CPU
		{59171862-853A-4D3A-970B-F838BDC24543}.Debug|Any CPU.Build.0 = Debug|Any CPU
		{59171862-853A-4D3A-970B-F838BDC24543}.Release|Any CPU.ActiveCfg = Release|Any CPU
		{59171862-853A-4D3A-970B-F838BDC24543}.Release|Any CPU.Build.0 = Release|Any CPU
		{E1A07EEC-256D-4337-ACD2-E11E09C35F19}.Debug|Any CPU.ActiveCfg = Debug|Any CPU
		{E1A07EEC-256D-4337-ACD2-E11E09C35F19}.Debug|Any CPU.Build.0 = Debug|Any CPU
		{E1A07EEC-256D-4337-ACD2-E11E09C35F19}.Release|Any CPU.ActiveCfg = Release|Any CPU
		{E1A07EEC-256D-4337-ACD2-E11E09C35F19}.Release|Any CPU.Build.0 = Release|Any CPU
		{6401E13B-E1B0-42BF-A2F4-9FD046CD4EFC}.Debug|Any CPU.ActiveCfg = Debug|Any CPU
		{6401E13B-E1B0-42BF-A2F4-9FD046CD4EFC}.Debug|Any CPU.Build.0 = Debug|Any CPU
		{6401E13B-E1B0-42BF-A2F4-9FD046CD4EFC}.Release|Any CPU.ActiveCfg = Release|Any CPU
		{6401E13B-E1B0-42BF-A2F4-9FD046CD4EFC}.Release|Any CPU.Build.0 = Release|Any CPU
		{B4B2C366-9138-46F5-B7AE-C83157E36AC4}.Debug|Any CPU.ActiveCfg = Debug|Any CPU
		{B4B2C366-9138-46F5-B7AE-C83157E36AC4}.Debug|Any CPU.Build.0 = Debug|Any CPU
		{B4B2C366-9138-46F5-B7AE-C83157E36AC4}.Release|Any CPU.ActiveCfg = Release|Any CPU
		{B4B2C366-9138-46F5-B7AE-C83157E36AC4}.Release|Any CPU.Build.0 = Release|Any CPU
		{ECC62363-630E-4F4C-8626-318C7739BEE8}.Debug|Any CPU.ActiveCfg = Debug|Any CPU
		{ECC62363-630E-4F4C-8626-318C7739BEE8}.Debug|Any CPU.Build.0 = Debug|Any CPU
		{ECC62363-630E-4F4C-8626-318C7739BEE8}.Release|Any CPU.ActiveCfg = Release|Any CPU
		{ECC62363-630E-4F4C-8626-318C7739BEE8}.Release|Any CPU.Build.0 = Release|Any CPU
		{9CDCD9EC-896B-44E7-99A3-0A9CEDD8855E}.Debug|Any CPU.ActiveCfg = Debug|Any CPU
		{9CDCD9EC-896B-44E7-99A3-0A9CEDD8855E}.Debug|Any CPU.Build.0 = Debug|Any CPU
		{9CDCD9EC-896B-44E7-99A3-0A9CEDD8855E}.Release|Any CPU.ActiveCfg = Release|Any CPU
		{9CDCD9EC-896B-44E7-99A3-0A9CEDD8855E}.Release|Any CPU.Build.0 = Release|Any CPU
	EndGlobalSection
EndGlobal
